<?xml version="1.0" encoding="utf-8"?>
<Project ToolsVersion="4.0" xmlns="http://schemas.microsoft.com/developer/msbuild/2003">
  <ItemGroup>
    <Filter Include="Source Files">
      <UniqueIdentifier>{4FC737F1-C7A5-4376-A066-2A32D752A2FF}</UniqueIdentifier>
      <Extensions>cpp;c;cc;cxx;c++;cppm;ixx;def;odl;idl;hpj;bat;asm;asmx</Extensions>
    </Filter>
    <Filter Include="Header Files">
      <UniqueIdentifier>{93995380-89BD-4b04-88EB-625FBE52EBFB}</UniqueIdentifier>
      <Extensions>h;hh;hpp;hxx;h++;hm;inl;inc;ipp;xsd</Extensions>
    </Filter>
    <Filter Include="Resource Files">
      <UniqueIdentifier>{67DA6AB6-F800-4c08-8B7A-83BB121AAD01}</UniqueIdentifier>
      <Extensions>rc;ico;cur;bmp;dlg;rc2;rct;bin;rgs;gif;jpg;jpeg;jpe;resx;tiff;tif;png;wav;mfcribbon-ms</Extensions>
    </Filter>
  </ItemGroup>
  <ItemGroup>
    <ClCompile Include="Main.cpp">
      <Filter>Source Files</Filter>
    </ClCompile>
    <ClCompile Include="Vendor\Glad\src\glad.c">
      <Filter>Source Files</Filter>
    </ClCompile>
    <ClCompile Include="Vendor\Glad\src\glad_wgl.c">
      <Filter>Source Files</Filter>
    </ClCompile>
    <ClCompile Include="Render\Window.cpp">
      <Filter>Source Files</Filter>
    </ClCompile>
    <ClCompile Include="Render\Application.cpp">
      <Filter>Source Files</Filter>
    </ClCompile>
    <ClCompile Include="Demos\Demo.cpp">
      <Filter>Source Files</Filter>
    </ClCompile>
    <ClCompile Include="Physic\Entities\Body.cpp">
      <Filter>Source Files</Filter>
    </ClCompile>
    <ClCompile Include="Physic\Entities\Particle.cpp">
      <Filter>Source Files</Filter>
    </ClCompile>
    <ClCompile Include="Physic\ForceGenerator\ParticleForceGenerator\ForceGenerationRegistry.cpp">
      <Filter>Source Files</Filter>
    </ClCompile>
    <ClCompile Include="Physic\ForceGenerator\ParticleForceGenerator\DragForceGenerator.cpp">
      <Filter>Source Files</Filter>
    </ClCompile>
    <ClCompile Include="Physic\ForceGenerator\ParticleForceGenerator\SpringForceGenerator.cpp">
      <Filter>Source Files</Filter>
    </ClCompile>
    <ClCompile Include="PrecompilerHeader.cpp">
      <Filter>Source Files</Filter>
    </ClCompile>
    <ClCompile Include="Physic\ForceGenerator\ParticleForceGenerator\AnchoredSpringForceGenerator.cpp">
      <Filter>Source Files</Filter>
    </ClCompile>
    <ClCompile Include="Physic\ForceGenerator\ParticleForceGenerator\BungeeSpringForceGenerator.cpp">
      <Filter>Source Files</Filter>
    </ClCompile>
    <ClCompile Include="Math\Transform.cpp">
      <Filter>Source Files</Filter>
    </ClCompile>
    <ClCompile Include="Physic\ForceGenerator\ParticleForceGenerator\BuoyancyForceGenerator.cpp">
      <Filter>Source Files</Filter>
    </ClCompile>
  </ItemGroup>
  <ItemGroup>
    <ClInclude Include="Vendor\Glad\include\glad\glad.h">
      <Filter>Header Files</Filter>
    </ClInclude>
    <ClInclude Include="Vendor\Glad\include\glad\glad_wgl.h">
      <Filter>Header Files</Filter>
    </ClInclude>
    <ClInclude Include="Vendor\Glad\include\KHR\khrplatform.h">
      <Filter>Header Files</Filter>
    </ClInclude>
    <ClInclude Include="Render\Window.h">
      <Filter>Header Files</Filter>
    </ClInclude>
    <ClInclude Include="PrecompiledHeader.h">
      <Filter>Header Files</Filter>
    </ClInclude>
    <ClInclude Include="Render\Application.h">
      <Filter>Header Files</Filter>
    </ClInclude>
    <ClInclude Include="Demos\Demo.h">
      <Filter>Header Files</Filter>
    </ClInclude>
    <ClInclude Include="Physic\Entities\Body.h">
      <Filter>Header Files</Filter>
    </ClInclude>
    <ClInclude Include="Physic\Entities\IIntegratable.h">
      <Filter>Header Files</Filter>
    </ClInclude>
    <ClInclude Include="Physic\Entities\Particle.h">
      <Filter>Header Files</Filter>
    </ClInclude>
    <ClInclude Include="Physic\ForceGenerator\ParticleForceGenerator\IParticleForceGenerator.h">
      <Filter>Header Files</Filter>
    </ClInclude>
    <ClInclude Include="Physic\ForceGenerator\ParticleForceGenerator\ForceGenerationRegistry.h">
      <Filter>Header Files</Filter>
    </ClInclude>
    <ClInclude Include="Physic\ForceGenerator\ParticleForceGenerator\DragForceGenerator.h">
      <Filter>Header Files</Filter>
    </ClInclude>
    <ClInclude Include="Physic\ForceGenerator\ParticleForceGenerator\SpringForceGenerator.h">
      <Filter>Header Files</Filter>
    </ClInclude>
    <ClInclude Include="Common.h">
      <Filter>Header Files</Filter>
    </ClInclude>
    <ClInclude Include="Physic\ForceGenerator\ParticleForceGenerator\AnchoredSpringForceGenerator.h">
      <Filter>Header Files</Filter>
    </ClInclude>
    <ClInclude Include="Physic\ForceGenerator\ParticleForceGenerator\BungeeSpringForceGenerator.h">
      <Filter>Header Files</Filter>
    </ClInclude>
    <ClInclude Include="Math\Transform.h">
      <Filter>Header Files</Filter>
    </ClInclude>
    <ClInclude Include="Physic\ForceGenerator\ParticleForceGenerator\BuoyancyForceGenerator.h">
      <Filter>Header Files</Filter>
    </ClInclude>
  </ItemGroup>
</Project>