<?xml version="1.0" encoding="utf-8"?>
<Project ToolsVersion="4.0" xmlns="http://schemas.microsoft.com/developer/msbuild/2003">
  <ItemGroup>
    <Filter Include="Source Files">
      <UniqueIdentifier>{4FC737F1-C7A5-4376-A066-2A32D752A2FF}</UniqueIdentifier>
      <Extensions>cpp;c;cc;cxx;c++;cppm;ixx;def;odl;idl;hpj;bat;asm;asmx</Extensions>
    </Filter>
    <Filter Include="Header Files">
      <UniqueIdentifier>{93995380-89BD-4b04-88EB-625FBE52EBFB}</UniqueIdentifier>
      <Extensions>h;hh;hpp;hxx;h++;hm;inl;inc;ipp;xsd</Extensions>
    </Filter>
    <Filter Include="Resource Files">
      <UniqueIdentifier>{67DA6AB6-F800-4c08-8B7A-83BB121AAD01}</UniqueIdentifier>
      <Extensions>rc;ico;cur;bmp;dlg;rc2;rct;bin;rgs;gif;jpg;jpeg;jpe;resx;tiff;tif;png;wav;mfcribbon-ms</Extensions>
    </Filter>
  </ItemGroup>
  <ItemGroup>
    <ClCompile Include="Main.cpp">
      <Filter>Source Files</Filter>
    </ClCompile>
    <ClCompile Include="Platform\Application.cpp">
      <Filter>Source Files</Filter>
    </ClCompile>
    <ClCompile Include="Platform\Window\WindowsApplication.cpp">
      <Filter>Source Files</Filter>
    </ClCompile>
    <ClCompile Include="Core\Memory\MemoryManager.cpp">
      <Filter>Source Files</Filter>
    </ClCompile>
    <ClCompile Include="Core\Memory\Allocator.cpp">
      <Filter>Source Files</Filter>
    </ClCompile>
    <ClCompile Include="Core\Object\Entity.cpp">
      <Filter>Source Files</Filter>
    </ClCompile>
    <ClCompile Include="Core\Object\Component\TransformComponent.cpp">
      <Filter>Source Files</Filter>
    </ClCompile>
    <ClCompile Include="Core\Object\Component\MeshRenderComponent.cpp">
      <Filter>Source Files</Filter>
    </ClCompile>
    <ClCompile Include="Core\Object\World.cpp">
      <Filter>Source Files</Filter>
    </ClCompile>
    <ClCompile Include="Core\Object\System\MeshRenderSystem.cpp">
      <Filter>Source Files</Filter>
    </ClCompile>
    <ClCompile Include="RHI\RenderObject.cpp">
      <Filter>Source Files</Filter>
    </ClCompile>
    <ClCompile Include="RHI\D3D12\GraphicsMgrD12.cpp">
      <Filter>Source Files</Filter>
    </ClCompile>
    <ClCompile Include="Utils\DxException.cpp">
      <Filter>Source Files</Filter>
    </ClCompile>
    <ClCompile Include="RHI\D3D12\D12pch.cpp">
      <Filter>Source Files</Filter>
    </ClCompile>
    <ClCompile Include="RHI\TestMgr.cpp">
      <Filter>Source Files</Filter>
    </ClCompile>
    <ClCompile Include="RHI\OpenGL\GraphicsMgrGL.cpp">
      <Filter>Source Files</Filter>
    </ClCompile>
  </ItemGroup>
  <ItemGroup>
    <ClInclude Include="Platform\IApplication.h">
      <Filter>Header Files</Filter>
    </ClInclude>
    <ClInclude Include="Platform\Application.h">
      <Filter>Header Files</Filter>
    </ClInclude>
    <ClInclude Include="Platform\Window\WindowsApplication.h">
      <Filter>Header Files</Filter>
    </ClInclude>
    <ClInclude Include="Utils\Singleton.h">
      <Filter>Header Files</Filter>
    </ClInclude>
    <ClInclude Include="Interface\IModule.h">
      <Filter>Header Files</Filter>
    </ClInclude>
    <ClInclude Include="Core\Memory\MemoryManager.h">
      <Filter>Header Files</Filter>
    </ClInclude>
    <ClInclude Include="Core\Memory\Allocator.h">
      <Filter>Header Files</Filter>
    </ClInclude>
    <ClInclude Include="Core\Math\KawaiiMath.h">
      <Filter>Header Files</Filter>
    </ClInclude>
    <ClInclude Include="Core\Object\Component\TransformComponent.h">
      <Filter>Header Files</Filter>
    </ClInclude>
    <ClInclude Include="Interface\IComponent.h">
      <Filter>Header Files</Filter>
    </ClInclude>
    <ClInclude Include="Core\Object\Entity.h">
      <Filter>Header Files</Filter>
    </ClInclude>
    <ClInclude Include="Core\Object\Component\MeshRenderComponent.h">
      <Filter>Header Files</Filter>
    </ClInclude>
    <ClInclude Include="Core\Math\Matrix.h">
      <Filter>Header Files</Filter>
    </ClInclude>
    <ClInclude Include="Core\Math\Vector.h">
      <Filter>Header Files</Filter>
    </ClInclude>
    <ClInclude Include="Core\Math\Common.h">
      <Filter>Header Files</Filter>
    </ClInclude>
    <ClInclude Include="Core\Object\World.h">
      <Filter>Header Files</Filter>
    </ClInclude>
    <ClInclude Include="Core\Object\System\MeshRenderSystem.h">
      <Filter>Header Files</Filter>
    </ClInclude>
    <ClInclude Include="Interface\ISystem.h">
      <Filter>Header Files</Filter>
    </ClInclude>
    <ClInclude Include="RHI\RenderObject.h">
      <Filter>Header Files</Filter>
    </ClInclude>
    <ClInclude Include="RHI\D3D12\d3dx12.h">
      <Filter>Header Files</Filter>
    </ClInclude>
    <ClInclude Include="RHI\GraphicsMgr.h">
      <Filter>Header Files</Filter>
    </ClInclude>
    <ClInclude Include="RHI\D3D12\GraphicsMgrD12.h">
      <Filter>Header Files</Filter>
    </ClInclude>
    <ClInclude Include="RHI\D3D12\D12pch.h">
      <Filter>Header Files</Filter>
    </ClInclude>
    <ClInclude Include="Utils\DxException.h">
      <Filter>Header Files</Filter>
    </ClInclude>
    <ClInclude Include="RHI\TestMgr.h">
      <Filter>Header Files</Filter>
    </ClInclude>
    <ClInclude Include="RHI\OpenGL\GraphicsMgrGL.h">
      <Filter>Header Files</Filter>
    </ClInclude>
  </ItemGroup>
</Project>